
Microsoft Visual Studio Solution File, Format Version 12.00
# Visual Studio Version 17
VisualStudioVersion = 17.6.33815.320
MinimumVisualStudioVersion = 10.0.40219.1
Project("{FAE04EC0-301F-11D3-BF4B-00C04F79EFBC}") = "MathTaskClassLibrary1", "MathTaskClassLibrary1\MathTaskClassLibrary1.csproj", "{ADF32BCA-0830-45CA-932A-3242D33E5B53}"
EndProject
Project("{FAE04EC0-301F-11D3-BF4B-00C04F79EFBC}") = "Lab10Test", "Lab10Test\Lab10Test.csproj", "{05F18BEF-487F-4F86-8EDC-48569171C596}"
EndProject
Global
	GlobalSection(SolutionConfigurationPlatforms) = preSolution
		Debug|Any CPU = Debug|Any CPU
		Release|Any CPU = Release|Any CPU
	EndGlobalSection
	GlobalSection(ProjectConfigurationPlatforms) = postSolution
		{ADF32BCA-0830-45CA-932A-3242D33E5B53}.Debug|Any CPU.ActiveCfg = Debug|Any CPU
		{ADF32BCA-0830-45CA-932A-3242D33E5B53}.Debug|Any CPU.Build.0 = Debug|Any CPU
		{ADF32BCA-0830-45CA-932A-3242D33E5B53}.Release|Any CPU.ActiveCfg = Release|Any CPU
		{ADF32BCA-0830-45CA-932A-3242D33E5B53}.Release|Any CPU.Build.0 = Release|Any CPU
		{05F18BEF-487F-4F86-8EDC-48569171C596}.Debug|Any CPU.ActiveCfg = Debug|Any CPU
		{05F18BEF-487F-4F86-8EDC-48569171C596}.Debug|Any CPU.Build.0 = Debug|Any CPU
		{05F18BEF-487F-4F86-8EDC-48569171C596}.Release|Any CPU.ActiveCfg = Release|Any CPU
		{05F18BEF-487F-4F86-8EDC-48569171C596}.Release|Any CPU.Build.0 = Release|Any CPU
	EndGlobalSection
	GlobalSection(SolutionProperties) = preSolution
		HideSolutionNode = FALSE
	EndGlobalSection
	GlobalSection(ExtensibilityGlobals) = postSolution
		SolutionGuid = {926B8E7A-C14C-43B4-8230-D8BE23938D1B}
	EndGlobalSection
EndGlobal
